
Microsoft Visual Studio Solution File, Format Version 12.00
# Visual Studio Version 17
VisualStudioVersion = 17.3.32929.385
MinimumVisualStudioVersion = 10.0.40219.1
Project("{FAE04EC0-301F-11D3-BF4B-00C04F79EFBC}") = "testeMigration", "testeMigration\testeMigration.csproj", "{4FAE7099-90AE-49BD-987D-6B16ADC64B69}"
EndProject
Global
	GlobalSection(SolutionConfigurationPlatforms) = preSolution
		Debug|Any CPU = Debug|Any CPU
		Release|Any CPU = Release|Any CPU
	EndGlobalSection
	GlobalSection(ProjectConfigurationPlatforms) = postSolution
		{4FAE7099-90AE-49BD-987D-6B16ADC64B69}.Debug|Any CPU.ActiveCfg = Debug|Any CPU
		{4FAE7099-90AE-49BD-987D-6B16ADC64B69}.Debug|Any CPU.Build.0 = Debug|Any CPU
		{4FAE7099-90AE-49BD-987D-6B16ADC64B69}.Release|Any CPU.ActiveCfg = Release|Any CPU
		{4FAE7099-90AE-49BD-987D-6B16ADC64B69}.Release|Any CPU.Build.0 = Release|Any CPU
	EndGlobalSection
	GlobalSection(SolutionProperties) = preSolution
		HideSolutionNode = FALSE
	EndGlobalSection
	GlobalSection(ExtensibilityGlobals) = postSolution
		SolutionGuid = {0957753C-AE64-4D8B-94C8-22583B4BFC3E}
	EndGlobalSection
EndGlobal
